
Microsoft Visual Studio Solution File, Format Version 12.00
# Visual Studio Version 16
VisualStudioVersion = 16.0.30002.166
MinimumVisualStudioVersion = 10.0.40219.1
Project("{8BC9CEB8-8B4A-11D0-8D11-00A0C91BC942}") = "GameAgain", "GameAgain\GameAgain.vcxproj", "{BD731988-DC00-4260-AFC8-C63FC787F5E2}"
EndProject
Global
	GlobalSection(SolutionConfigurationPlatforms) = preSolution
		Debug|x64 = Debug|x64
		Debug|x86 = Debug|x86
		LogRelease|x64 = LogRelease|x64
		LogRelease|x86 = LogRelease|x86
		Release|x64 = Release|x64
		Release|x86 = Release|x86
	EndGlobalSection
	GlobalSection(ProjectConfigurationPlatforms) = postSolution
		{BD731988-DC00-4260-AFC8-C63FC787F5E2}.Debug|x64.ActiveCfg = Debug|x64
		{BD731988-DC00-4260-AFC8-C63FC787F5E2}.Debug|x64.Build.0 = Debug|x64
		{BD731988-DC00-4260-AFC8-C63FC787F5E2}.Debug|x86.ActiveCfg = Debug|Win32
		{BD731988-DC00-4260-AFC8-C63FC787F5E2}.Debug|x86.Build.0 = Debug|Win32
		{BD731988-DC00-4260-AFC8-C63FC787F5E2}.LogRelease|x64.ActiveCfg = LogRelease|x64
		{BD731988-DC00-4260-AFC8-C63FC787F5E2}.LogRelease|x64.Build.0 = LogRelease|x64
		{BD731988-DC00-4260-AFC8-C63FC787F5E2}.LogRelease|x86.ActiveCfg = LogRelease|Win32
		{BD731988-DC00-4260-AFC8-C63FC787F5E2}.LogRelease|x86.Build.0 = LogRelease|Win32
		{BD731988-DC00-4260-AFC8-C63FC787F5E2}.Release|x64.ActiveCfg = Release|x64
		{BD731988-DC00-4260-AFC8-C63FC787F5E2}.Release|x64.Build.0 = Release|x64
		{BD731988-DC00-4260-AFC8-C63FC787F5E2}.Release|x86.ActiveCfg = Release|Win32
		{BD731988-DC00-4260-AFC8-C63FC787F5E2}.Release|x86.Build.0 = Release|Win32
	EndGlobalSection
	GlobalSection(SolutionProperties) = preSolution
		HideSolutionNode = FALSE
	EndGlobalSection
	GlobalSection(ExtensibilityGlobals) = postSolution
		SolutionGuid = {6E26D37C-D633-4097-92A9-EA28903CA176}
	EndGlobalSection
EndGlobal
